./ggames 0 mu u -a2 1 -h1 3 -h2 3 -c1 2.5 -c2 2.5 -i1 1000 -i2 1000 -ci1 30 -s 0 -g 100 > mmuctVSuct_1_3_2.5_1000_0_100_30.csv
./ggames 0 mu u -a2 1 -h1 3 -h2 3 -c1 2.5 -c2 2.5 -i1 1000 -i2 1000 -ci1 60 -s 0 -g 100 > mmuctVSuct_1_3_2.5_1000_0_100_60.csv
./ggames 0 mu u -a2 1 -h1 3 -h2 3 -c1 2.5 -c2 2.5 -i1 1000 -i2 1000 -ci1 90 -s 0 -g 100 > mmuctVSuct_1_3_2.5_1000_0_100_90.csv
./ggames 0 mu u -a2 1 -h1 3 -h2 3 -c1 2.5 -c2 2.5 -i1 1000 -i2 1000 -ci1 120 -s 0 -g 100 > mmuctVSuct_1_3_2.5_1000_0_100_120.csv
./ggames 0 mu u -a2 1 -h1 6 -h2 6 -c1 2.5 -c2 2.5 -i1 1000 -i2 1000 -ci1 30 -s 0 -g 100 > mmuctVSuct_1_6_2.5_1000_0_100_30.csv
./ggames 0 mu u -a2 1 -h1 6 -h2 6 -c1 2.5 -c2 2.5 -i1 1000 -i2 1000 -ci1 60 -s 0 -g 100 > mmuctVSuct_1_6_2.5_1000_0_100_60.csv
./ggames 0 mu u -a2 1 -h1 6 -h2 6 -c1 2.5 -c2 2.5 -i1 1000 -i2 1000 -ci1 90 -s 0 -g 100 > mmuctVSuct_1_6_2.5_1000_0_100_90.csv
./ggames 0 mu u -a2 1 -h1 6 -h2 6 -c1 2.5 -c2 2.5 -i1 1000 -i2 1000 -ci1 120 -s 0 -g 100 > mmuctVSuct_1_6_2.5_1000_0_100_120.csv
./ggames 0 mu u -a2 1 -h1 3 -h2 3 -c1 2.5 -c2 2.5 -i1 5000 -i2 5000 -ci1 30 -s 0 -g 100 > mmuctVSuct_1_3_2.5_5000_0_100_30.csv
./ggames 0 mu u -a2 1 -h1 3 -h2 3 -c1 2.5 -c2 2.5 -i1 5000 -i2 5000 -ci1 60 -s 0 -g 100 > mmuctVSuct_1_3_2.5_5000_0_100_60.csv
./ggames 0 mu u -a2 1 -h1 3 -h2 3 -c1 2.5 -c2 2.5 -i1 5000 -i2 5000 -ci1 90 -s 0 -g 100 > mmuctVSuct_1_3_2.5_5000_0_100_90.csv
./ggames 0 mu u -a2 1 -h1 3 -h2 3 -c1 2.5 -c2 2.5 -i1 5000 -i2 5000 -ci1 120 -s 0 -g 100 > mmuctVSuct_1_3_2.5_5000_0_100_120.csv
./ggames 0 mu u -a2 1 -h1 6 -h2 6 -c1 2.5 -c2 2.5 -i1 5000 -i2 5000 -ci1 30 -s 0 -g 100 > mmuctVSuct_1_6_2.5_5000_0_100_30.csv
./ggames 0 mu u -a2 1 -h1 6 -h2 6 -c1 2.5 -c2 2.5 -i1 5000 -i2 5000 -ci1 60 -s 0 -g 100 > mmuctVSuct_1_6_2.5_5000_0_100_60.csv
./ggames 0 mu u -a2 1 -h1 6 -h2 6 -c1 2.5 -c2 2.5 -i1 5000 -i2 5000 -ci1 90 -s 0 -g 100 > mmuctVSuct_1_6_2.5_5000_0_100_90.csv
./ggames 0 mu u -a2 1 -h1 6 -h2 6 -c1 2.5 -c2 2.5 -i1 5000 -i2 5000 -ci1 120 -s 0 -g 100 > mmuctVSuct_1_6_2.5_5000_0_100_120.csv
./ggames 0 mu u -a2 1 -h1 3 -h2 3 -c1 2.5 -c2 2.5 -i1 10000 -i2 10000 -ci1 30 -s 0 -g 100 > mmuctVSuct_1_3_2.5_10000_0_100_30.csv
./ggames 0 mu u -a2 1 -h1 3 -h2 3 -c1 2.5 -c2 2.5 -i1 10000 -i2 10000 -ci1 60 -s 0 -g 100 > mmuctVSuct_1_3_2.5_10000_0_100_60.csv
./ggames 0 mu u -a2 1 -h1 3 -h2 3 -c1 2.5 -c2 2.5 -i1 10000 -i2 10000 -ci1 90 -s 0 -g 100 > mmuctVSuct_1_3_2.5_10000_0_100_90.csv
./ggames 0 mu u -a2 1 -h1 3 -h2 3 -c1 2.5 -c2 2.5 -i1 10000 -i2 10000 -ci1 120 -s 0 -g 100 > mmuctVSuct_1_3_2.5_10000_0_100_120.csv
./ggames 0 mu u -a2 1 -h1 6 -h2 6 -c1 2.5 -c2 2.5 -i1 10000 -i2 10000 -ci1 30 -s 0 -g 100 > mmuctVSuct_1_6_2.5_10000_0_100_30.csv
./ggames 0 mu u -a2 1 -h1 6 -h2 6 -c1 2.5 -c2 2.5 -i1 10000 -i2 10000 -ci1 60 -s 0 -g 100 > mmuctVSuct_1_6_2.5_10000_0_100_60.csv
./ggames 0 mu u -a2 1 -h1 6 -h2 6 -c1 2.5 -c2 2.5 -i1 10000 -i2 10000 -ci1 90 -s 0 -g 100 > mmuctVSuct_1_6_2.5_10000_0_100_90.csv
./ggames 0 mu u -a2 1 -h1 6 -h2 6 -c1 2.5 -c2 2.5 -i1 10000 -i2 10000 -ci1 120 -s 0 -g 100 > mmuctVSuct_1_6_2.5_10000_0_100_120.csv
./ggames 0 mu u -a2 1 -h1 3 -h2 3 -c1 2.5 -c2 2.5 -i1 15000 -i2 15000 -ci1 30 -s 0 -g 100 > mmuctVSuct_1_3_2.5_15000_0_100_30.csv
./ggames 0 mu u -a2 1 -h1 3 -h2 3 -c1 2.5 -c2 2.5 -i1 15000 -i2 15000 -ci1 60 -s 0 -g 100 > mmuctVSuct_1_3_2.5_15000_0_100_60.csv
./ggames 0 mu u -a2 1 -h1 3 -h2 3 -c1 2.5 -c2 2.5 -i1 15000 -i2 15000 -ci1 90 -s 0 -g 100 > mmuctVSuct_1_3_2.5_15000_0_100_90.csv
./ggames 0 mu u -a2 1 -h1 3 -h2 3 -c1 2.5 -c2 2.5 -i1 15000 -i2 15000 -ci1 120 -s 0 -g 100 > mmuctVSuct_1_3_2.5_15000_0_100_120.csv
./ggames 0 mu u -a2 1 -h1 6 -h2 6 -c1 2.5 -c2 2.5 -i1 15000 -i2 15000 -ci1 30 -s 0 -g 100 > mmuctVSuct_1_6_2.5_15000_0_100_30.csv
./ggames 0 mu u -a2 1 -h1 6 -h2 6 -c1 2.5 -c2 2.5 -i1 15000 -i2 15000 -ci1 60 -s 0 -g 100 > mmuctVSuct_1_6_2.5_15000_0_100_60.csv
./ggames 0 mu u -a2 1 -h1 6 -h2 6 -c1 2.5 -c2 2.5 -i1 15000 -i2 15000 -ci1 90 -s 0 -g 100 > mmuctVSuct_1_6_2.5_15000_0_100_90.csv
./ggames 0 mu u -a2 1 -h1 6 -h2 6 -c1 2.5 -c2 2.5 -i1 15000 -i2 15000 -ci1 120 -s 0 -g 100 > mmuctVSuct_1_6_2.5_15000_0_100_120.csv
./ggames 0 mu u -a2 1 -h1 3 -h2 3 -c1 2.5 -c2 2.5 -i1 25000 -i2 25000 -ci1 30 -s 0 -g 100 > mmuctVSuct_1_3_2.5_25000_0_100_30.csv
./ggames 0 mu u -a2 1 -h1 3 -h2 3 -c1 2.5 -c2 2.5 -i1 25000 -i2 25000 -ci1 60 -s 0 -g 100 > mmuctVSuct_1_3_2.5_25000_0_100_60.csv
./ggames 0 mu u -a2 1 -h1 3 -h2 3 -c1 2.5 -c2 2.5 -i1 25000 -i2 25000 -ci1 90 -s 0 -g 100 > mmuctVSuct_1_3_2.5_25000_0_100_90.csv
./ggames 0 mu u -a2 1 -h1 3 -h2 3 -c1 2.5 -c2 2.5 -i1 25000 -i2 25000 -ci1 120 -s 0 -g 100 > mmuctVSuct_1_3_2.5_25000_0_100_120.csv
./ggames 0 mu u -a2 1 -h1 6 -h2 6 -c1 2.5 -c2 2.5 -i1 25000 -i2 25000 -ci1 30 -s 0 -g 100 > mmuctVSuct_1_6_2.5_25000_0_100_30.csv
./ggames 0 mu u -a2 1 -h1 6 -h2 6 -c1 2.5 -c2 2.5 -i1 25000 -i2 25000 -ci1 60 -s 0 -g 100 > mmuctVSuct_1_6_2.5_25000_0_100_60.csv
./ggames 0 mu u -a2 1 -h1 6 -h2 6 -c1 2.5 -c2 2.5 -i1 25000 -i2 25000 -ci1 90 -s 0 -g 100 > mmuctVSuct_1_6_2.5_25000_0_100_90.csv
./ggames 0 mu u -a2 1 -h1 6 -h2 6 -c1 2.5 -c2 2.5 -i1 25000 -i2 25000 -ci1 120 -s 0 -g 100 > mmuctVSuct_1_6_2.5_25000_0_100_120.csv
./ggames 0 mu u -a2 1 -h1 3 -h2 3 -c1 2.5 -c2 2.5 -i1 50000 -i2 50000 -ci1 30 -s 0 -g 100 > mmuctVSuct_1_3_2.5_50000_0_100_30.csv
./ggames 0 mu u -a2 1 -h1 3 -h2 3 -c1 2.5 -c2 2.5 -i1 50000 -i2 50000 -ci1 60 -s 0 -g 100 > mmuctVSuct_1_3_2.5_50000_0_100_60.csv
./ggames 0 mu u -a2 1 -h1 3 -h2 3 -c1 2.5 -c2 2.5 -i1 50000 -i2 50000 -ci1 90 -s 0 -g 100 > mmuctVSuct_1_3_2.5_50000_0_100_90.csv
./ggames 0 mu u -a2 1 -h1 3 -h2 3 -c1 2.5 -c2 2.5 -i1 50000 -i2 50000 -ci1 120 -s 0 -g 100 > mmuctVSuct_1_3_2.5_50000_0_100_120.csv
./ggames 0 mu u -a2 1 -h1 6 -h2 6 -c1 2.5 -c2 2.5 -i1 50000 -i2 50000 -ci1 30 -s 0 -g 100 > mmuctVSuct_1_6_2.5_50000_0_100_30.csv
./ggames 0 mu u -a2 1 -h1 6 -h2 6 -c1 2.5 -c2 2.5 -i1 50000 -i2 50000 -ci1 60 -s 0 -g 100 > mmuctVSuct_1_6_2.5_50000_0_100_60.csv
./ggames 0 mu u -a2 1 -h1 6 -h2 6 -c1 2.5 -c2 2.5 -i1 50000 -i2 50000 -ci1 90 -s 0 -g 100 > mmuctVSuct_1_6_2.5_50000_0_100_90.csv
./ggames 0 mu u -a2 1 -h1 6 -h2 6 -c1 2.5 -c2 2.5 -i1 50000 -i2 50000 -ci1 120 -s 0 -g 100 > mmuctVSuct_1_6_2.5_50000_0_100_120.csv
./ggames 0 mu u -a2 1 -h1 3 -h2 3 -c1 2.5 -c2 2.5 -i1 75000 -i2 75000 -ci1 30 -s 0 -g 100 > mmuctVSuct_1_3_2.5_75000_0_100_30.csv
./ggames 0 mu u -a2 1 -h1 3 -h2 3 -c1 2.5 -c2 2.5 -i1 75000 -i2 75000 -ci1 60 -s 0 -g 100 > mmuctVSuct_1_3_2.5_75000_0_100_60.csv
./ggames 0 mu u -a2 1 -h1 3 -h2 3 -c1 2.5 -c2 2.5 -i1 75000 -i2 75000 -ci1 90 -s 0 -g 100 > mmuctVSuct_1_3_2.5_75000_0_100_90.csv
./ggames 0 mu u -a2 1 -h1 3 -h2 3 -c1 2.5 -c2 2.5 -i1 75000 -i2 75000 -ci1 120 -s 0 -g 100 > mmuctVSuct_1_3_2.5_75000_0_100_120.csv
./ggames 0 mu u -a2 1 -h1 6 -h2 6 -c1 2.5 -c2 2.5 -i1 75000 -i2 75000 -ci1 30 -s 0 -g 100 > mmuctVSuct_1_6_2.5_75000_0_100_30.csv
./ggames 0 mu u -a2 1 -h1 6 -h2 6 -c1 2.5 -c2 2.5 -i1 75000 -i2 75000 -ci1 60 -s 0 -g 100 > mmuctVSuct_1_6_2.5_75000_0_100_60.csv
./ggames 0 mu u -a2 1 -h1 6 -h2 6 -c1 2.5 -c2 2.5 -i1 75000 -i2 75000 -ci1 90 -s 0 -g 100 > mmuctVSuct_1_6_2.5_75000_0_100_90.csv
./ggames 0 mu u -a2 1 -h1 6 -h2 6 -c1 2.5 -c2 2.5 -i1 75000 -i2 75000 -ci1 120 -s 0 -g 100 > mmuctVSuct_1_6_2.5_75000_0_100_120.csv
./ggames 0 mu u -a2 1 -h1 3 -h2 3 -c1 2.5 -c2 2.5 -i1 100000 -i2 100000 -ci1 30 -s 0 -g 100 > mmuctVSuct_1_3_2.5_100000_0_100_30.csv
./ggames 0 mu u -a2 1 -h1 3 -h2 3 -c1 2.5 -c2 2.5 -i1 100000 -i2 100000 -ci1 60 -s 0 -g 100 > mmuctVSuct_1_3_2.5_100000_0_100_60.csv
./ggames 0 mu u -a2 1 -h1 3 -h2 3 -c1 2.5 -c2 2.5 -i1 100000 -i2 100000 -ci1 90 -s 0 -g 100 > mmuctVSuct_1_3_2.5_100000_0_100_90.csv
./ggames 0 mu u -a2 1 -h1 3 -h2 3 -c1 2.5 -c2 2.5 -i1 100000 -i2 100000 -ci1 120 -s 0 -g 100 > mmuctVSuct_1_3_2.5_100000_0_100_120.csv
./ggames 0 mu u -a2 1 -h1 6 -h2 6 -c1 2.5 -c2 2.5 -i1 100000 -i2 100000 -ci1 30 -s 0 -g 100 > mmuctVSuct_1_6_2.5_100000_0_100_30.csv
./ggames 0 mu u -a2 1 -h1 6 -h2 6 -c1 2.5 -c2 2.5 -i1 100000 -i2 100000 -ci1 60 -s 0 -g 100 > mmuctVSuct_1_6_2.5_100000_0_100_60.csv
./ggames 0 mu u -a2 1 -h1 6 -h2 6 -c1 2.5 -c2 2.5 -i1 100000 -i2 100000 -ci1 90 -s 0 -g 100 > mmuctVSuct_1_6_2.5_100000_0_100_90.csv
./ggames 0 mu u -a2 1 -h1 6 -h2 6 -c1 2.5 -c2 2.5 -i1 100000 -i2 100000 -ci1 120 -s 0 -g 100 > mmuctVSuct_1_6_2.5_100000_0_100_120.csv
